{
  "name": "cowin-pinger",
  "version": "1.0.0",
  "lockfileVersion": 1,
  "requires": true,
  "dependencies": {
    "axios": {
      "version": "0.21.1",
      "resolved": "https://registry.npmjs.org/axios/-/axios-0.21.1.tgz",
      "integrity": "sha512-dKQiRHxGD9PPRIUNIWvZhPTPpl1rf/OxTYKsqKUDjBwYylTvV7SjSHJb9ratfyzM6wCdLCOYLzs73qpg5c4iGA==",
      "requires": {
        "follow-redirects": "^1.10.0"
      }
    },
    "date-fns": {
      "version": "2.21.1",
      "resolved": "https://registry.npmjs.org/date-fns/-/date-fns-2.21.1.tgz",
      "integrity": "sha512-m1WR0xGiC6j6jNFAyW4Nvh4WxAi4JF4w9jRJwSI8nBmNcyZXPcP9VUQG+6gHQXAmqaGEKDKhOqAtENDC941UkA=="
    },
    "follow-redirects": {
      "version": "1.14.0",
      "resolved": "https://registry.npmjs.org/follow-redirects/-/follow-redirects-1.14.0.tgz",
      "integrity": "sha512-0vRwd7RKQBTt+mgu87mtYeofLFZpTas2S9zY+jIeuLJMNvudIgF52nr19q40HOwH5RrhWIPuj9puybzSJiRrVg=="
    },
    "minimist": {
      "version": "1.2.5",
      "resolved": "https://registry.npmjs.org/minimist/-/minimist-1.2.5.tgz",
      "integrity": "sha512-FM9nNUYrRBAELZQT3xeZQ7fmMOBg6nWNmJKTcgsJeaLstP/UODVpGsr5OhXhhXg6f+qtJ8uiZ+PUxkDWcgIXLw=="
    },
    "sound-play": {
      "version": "1.1.0",
      "resolved": "https://registry.npmjs.org/sound-play/-/sound-play-1.1.0.tgz",
      "integrity": "sha512-Bd/L0AoCwITFeOnpNLMsfPXrV5GG5NhrC/T6odveahYbhPZkdTnrFXRia9FCC5WBWdUTw1d+yvLBvi4wnD1xOA=="
    }
  }
}
